<?xml version="1.0" encoding="utf-8"?>
<Project ToolsVersion="4.0" xmlns="http://schemas.microsoft.com/developer/msbuild/2003">
  <ItemGroup>
    <Filter Include="ExampleRigidBodies">
      <UniqueIdentifier>{16716117-0255-226D-6BB5-1CC057B80CEF}</UniqueIdentifier>
    </Filter>
  </ItemGroup>
  <ItemGroup>
    <ClInclude Include="..\ExampleRigidBodies\ExampleRigidBodies.h">
      <Filter>ExampleRigidBodies</Filter>
    </ClInclude>
    <ClInclude Include="..\common\ExplosionForce.h" />
    <ClInclude Include="..\common\FemResource.h" />
    <ClInclude Include="..\common\LoadFemFile.h" />
    <ClInclude Include="..\common\LoadNodeEleMesh.h" />
    <ClInclude Include="..\common\PartitionFemMesh.h" />
    <ClInclude Include="..\common\RenderTetAssignment.h" />
    <ClInclude Include="..\common\TestScenes.h" />
    <ClInclude Include="ViewerCamera.h" />
  </ItemGroup>
  <ItemGroup>
    <ClCompile Include="..\ExampleRigidBodies\ExampleRigidBodies.cpp">
      <Filter>ExampleRigidBodies</Filter>
    </ClCompile>
    <ClCompile Include="..\common\ExplosionForce.cpp" />
    <ClCompile Include="..\common\FemResource.cpp" />
    <ClCompile Include="..\common\LoadFemFile.cpp" />
    <ClCompile Include="..\common\LoadNodeEleMesh.cpp" />
    <ClCompile Include="..\common\PartitionFemMesh.cpp" />
    <ClCompile Include="..\common\RenderTetAssignment.cpp" />
    <ClCompile Include="..\common\TestScenes.cpp" />
    <ClCompile Include="FEMFXViewer.cpp" />
  </ItemGroup>
</Project>