<?xml version="1.0" encoding="utf-8"?>
<Project ToolsVersion="4.0" xmlns="http://schemas.microsoft.com/developer/msbuild/2003">
  <ItemGroup>
    <Filter Include="inc">
      <UniqueIdentifier>{1F80880B-8B89-887C-1405-9F7C800D947C}</UniqueIdentifier>
    </Filter>
    <Filter Include="src">
      <UniqueIdentifier>{2DAB880B-99B4-887C-2230-9F7C8E38947C}</UniqueIdentifier>
    </Filter>
  </ItemGroup>
  <ItemGroup>
    <ClInclude Include="SampleTaskSystem.h">
      <Filter>inc</Filter>
    </ClInclude>
    <ClInclude Include="TLCommon.h">
      <Filter>inc</Filter>
    </ClInclude>
    <ClInclude Include="TLCounter.h">
      <Filter>inc</Filter>
    </ClInclude>
    <ClInclude Include="TLTaskQueue.h">
      <Filter>inc</Filter>
    </ClInclude>
    <ClInclude Include="TLTaskSystem.h">
      <Filter>inc</Filter>
    </ClInclude>
  </ItemGroup>
  <ItemGroup>
    <ClCompile Include="SampleTaskSystem.cpp">
      <Filter>src</Filter>
    </ClCompile>
    <ClCompile Include="TLGetProcessorInfo.cpp">
      <Filter>src</Filter>
    </ClCompile>
    <ClCompile Include="TLTaskSystem.cpp">
      <Filter>src</Filter>
    </ClCompile>
  </ItemGroup>
</Project>